# THIS IS AN AUTOGENERATED FILE. DO NOT EDIT THIS FILE DIRECTLY.
# yarn lockfile v1


"@next/env@12.1.6":
  "integrity" "sha512-Te/OBDXFSodPU6jlXYPAXpmZr/AkG6DCATAxttQxqOWaq6eDFX25Db3dK0120GZrSZmv4QCe9KsZmJKDbWs4OA=="
  "resolved" "https://registry.npmjs.org/@next/env/-/env-12.1.6.tgz"
  "version" "12.1.6"

"@next/swc-darwin-arm64@12.1.6":
  "integrity" "sha512-P0EXU12BMSdNj1F7vdkP/VrYDuCNwBExtRPDYawgSUakzi6qP0iKJpya2BuLvNzXx+XPU49GFuDC5X+SvY0mOw=="
  "resolved" "https://registry.npmjs.org/@next/swc-darwin-arm64/-/swc-darwin-arm64-12.1.6.tgz"
  "version" "12.1.6"

"@types/mdast@^3.0.0", "@types/mdast@^3.0.3":
  "integrity" "sha512-SXPBMnFVQg1s00dlMCc/jCdvPqdE4mXaMMCeRlxLDmTAEoegHT53xKtkDnzDTOcmMHUfcjyf36/YYZ6SxRdnsw=="
  "resolved" "https://registry.npmjs.org/@types/mdast/-/mdast-3.0.3.tgz"
  "version" "3.0.3"
  dependencies:
    "@types/unist" "*"

"@types/prop-types@*":
  "integrity" "sha512-KfRL3PuHmqQLOG+2tGpRO26Ctg+Cq1E01D2DMriKEATHgWLfeNDmq9e29Q9WIky0dQ3NPkd1mzYH8Lm936Z9qw=="
  "resolved" "https://registry.npmjs.org/@types/prop-types/-/prop-types-15.7.3.tgz"
  "version" "15.7.3"

"@types/react@>=16":
  "integrity" "sha512-wYOUxIgs2HZZ0ACNiIayItyluADNbONl7kt8lkLjVK8IitMH5QMyAh75Fwhmo37r1m7L2JaFj03sIfxBVDvRAg=="
  "resolved" "https://registry.npmjs.org/@types/react/-/react-17.0.3.tgz"
  "version" "17.0.3"
  dependencies:
    "@types/prop-types" "*"
    "@types/scheduler" "*"
    "csstype" "^3.0.2"

"@types/scheduler@*":
  "integrity" "sha512-EaCxbanVeyxDRTQBkdLb3Bvl/HK7PBK6UJjsSixB0iHKoWxE5uu2Q/DgtpOhPIojN0Zl1whvOd7PoHs2P0s5eA=="
  "resolved" "https://registry.npmjs.org/@types/scheduler/-/scheduler-0.16.1.tgz"
  "version" "0.16.1"

"@types/unist@*", "@types/unist@^2.0.0", "@types/unist@^2.0.2", "@types/unist@^2.0.3":
  "integrity" "sha512-FvUupuM3rlRsRtCN+fDudtmytGO6iHJuuRKS1Ss0pG5z8oX0diNEw94UEL7hgDbpN94rgaK5R7sWm6RrSkZuAQ=="
  "resolved" "https://registry.npmjs.org/@types/unist/-/unist-2.0.3.tgz"
  "version" "2.0.3"

"ajv-keywords@^3.4.1":
  "integrity" "sha512-RO1ibKvd27e6FEShVFfPALuHI3WjSVNeK5FIsmme/LYRNxjKuNj+Dt7bucLa6NdSv3JcVTyMlm9kGR84z1XpaQ=="
  "resolved" "https://registry.npmjs.org/ajv-keywords/-/ajv-keywords-3.4.1.tgz"
  "version" "3.4.1"

"ajv@^6.12.0":
  "integrity" "sha512-j3fVLgvTo527anyYyJOGTYJbG+vnnQYvE0m5mmkc1TK+nxAppkCLMIL0aZ4dblVCNoGShhm+kzE4ZUykBoMg4g=="
  "resolved" "https://registry.npmjs.org/ajv/-/ajv-6.12.6.tgz"
  "version" "6.12.6"
  dependencies:
    "fast-deep-equal" "^3.1.1"
    "fast-json-stable-stringify" "^2.0.0"
    "json-schema-traverse" "^0.4.1"
    "uri-js" "^4.2.2"

"argparse@^1.0.7":
  "integrity" "sha1-vNZ5HqWuCXJeF+WtmIE0zUCz2RE="
  "resolved" "https://registry.npmjs.org/argparse/-/argparse-1.0.10.tgz"
  "version" "1.0.10"
  dependencies:
    "sprintf-js" "~1.0.2"

"bail@^1.0.0":
  "integrity" "sha512-xFbRxM1tahm08yHBP16MMjVUAvDaBMD38zsM9EMAUN61omwLmKlOpB/Zku5QkjZ8TZ4vn53pj+t518cH0S03RQ=="
  "resolved" "https://registry.npmjs.org/bail/-/bail-1.0.5.tgz"
  "version" "1.0.5"

"big.js@^5.2.2":
  "integrity" "sha1-ZfCvOC9Xi83HQr2cKB6cstd2gyg="
  "resolved" "https://registry.npmjs.org/big.js/-/big.js-5.2.2.tgz"
  "version" "5.2.2"

"caniuse-lite@^1.0.30001332":
  "integrity" "sha512-2SodVrFFtvGENGCv0ChVJIDQ0KPaS1cg7/qtfMaICgeMolDdo/Z2OD32F0Aq9yl6F4YFwGPBS5AaPqNYiW4PoA=="
  "resolved" "https://registry.npmjs.org/caniuse-lite/-/caniuse-lite-1.0.30001341.tgz"
  "version" "1.0.30001341"

"character-entities-legacy@^1.0.0":
  "integrity" "sha512-3Xnr+7ZFS1uxeiUDvV02wQ+QDbc55o97tIV5zHScSPJpcLm/r0DFPcoY3tYRp+VZukxuMeKgXYmsXQHO05zQeA=="
  "resolved" "https://registry.npmjs.org/character-entities-legacy/-/character-entities-legacy-1.1.4.tgz"
  "version" "1.1.4"

"character-entities@^1.0.0":
  "integrity" "sha512-iBMyeEHxfVnIakwOuDXpVkc54HijNgCyQB2w0VfGQThle6NXn50zU6V/u+LDhxHcDUPojn6Kpga3PTAD8W1bQw=="
  "resolved" "https://registry.npmjs.org/character-entities/-/character-entities-1.2.4.tgz"
  "version" "1.2.4"

"character-reference-invalid@^1.0.0":
  "integrity" "sha512-mKKUkUbhPpQlCOfIuZkvSEgktjPFIsZKRRbC6KWVEMvlzblj3i3asQv5ODsrwt0N3pHAEvjP8KTQPHkp0+6jOg=="
  "resolved" "https://registry.npmjs.org/character-reference-invalid/-/character-reference-invalid-1.1.4.tgz"
  "version" "1.1.4"

"csstype@^3.0.2":
  "integrity" "sha512-KxnUB0ZMlnUWCsx2Z8MUsr6qV6ja1w9ArPErJaJaF8a5SOWoHLIszeCTKGRGRgtLgYrs1E8CHkNSP1VZTTPc9g=="
  "resolved" "https://registry.npmjs.org/csstype/-/csstype-3.0.7.tgz"
  "version" "3.0.7"

"debug@^4.0.0":
  "integrity" "sha512-doEwdvm4PCeK4K3RQN2ZC2BYUBaxwLARCqZmMjtF8a51J2Rb0xpVloFRnCODwqjpwnAoao4pelN8l3RJdv3gRQ=="
  "resolved" "https://registry.npmjs.org/debug/-/debug-4.3.1.tgz"
  "version" "4.3.1"
  dependencies:
    "ms" "2.1.2"

"dom-serializer@^0.2.1":
  "integrity" "sha1-GvuB9TNxcXXUeGVd68XjMtn5u1E="
  "resolved" "https://registry.npmjs.org/dom-serializer/-/dom-serializer-0.2.2.tgz"
  "version" "0.2.2"
  dependencies:
    "domelementtype" "^2.0.1"
    "entities" "^2.0.0"

"domelementtype@^2.0.1":
  "integrity" "sha512-5HOHUDsYZWV8FGWN0Njbr/Rn7f/eWSQi1v7+HsUVwXgn8nWWlL64zKDkS0n8ZmQ3mlWOMuXOnR+7Nx/5tMO5AQ=="
  "resolved" "https://registry.npmjs.org/domelementtype/-/domelementtype-2.0.1.tgz"
  "version" "2.0.1"

"domhandler@^3.0", "domhandler@^3.0.0":
  "integrity" "sha1-Uc0T78ox2pW7sMW+46SDAOMzs+k="
  "resolved" "https://registry.npmjs.org/domhandler/-/domhandler-3.0.0.tgz"
  "version" "3.0.0"
  dependencies:
    "domelementtype" "^2.0.1"

"domutils@^2.0.0":
  "integrity" "sha1-Fbgnjje/qEaNFXR4xYw2dxgTPAg="
  "resolved" "https://registry.npmjs.org/domutils/-/domutils-2.0.0.tgz"
  "version" "2.0.0"
  dependencies:
    "dom-serializer" "^0.2.1"
    "domelementtype" "^2.0.1"
    "domhandler" "^3.0.0"

"emojis-list@^3.0.0":
  "integrity" "sha1-VXBmIEatKeLpFucariYKvf9Pang="
  "resolved" "https://registry.npmjs.org/emojis-list/-/emojis-list-3.0.0.tgz"
  "version" "3.0.0"

"entities@^2.0.0":
  "integrity" "sha512-dmD3AvJQBUjKpcNkoqr+x+IF0SdRtPz9Vk0uTy4yWqga9ibB6s4v++QFWNohjiUGoMlF552ZvNyXDxz5iW0qmw=="
  "resolved" "https://registry.npmjs.org/entities/-/entities-2.0.2.tgz"
  "version" "2.0.2"

"esprima@^4.0.0":
  "integrity" "sha1-E7BM2z5sXRnfkatph6hpVhmwqnE="
  "resolved" "https://registry.npmjs.org/esprima/-/esprima-4.0.1.tgz"
  "version" "4.0.1"

"extend-shallow@^2.0.1":
  "integrity" "sha1-Ua99YUrZqfYQ6huvu5idaxxWiQ8="
  "resolved" "https://registry.npmjs.org/extend-shallow/-/extend-shallow-2.0.1.tgz"
  "version" "2.0.1"
  dependencies:
    "is-extendable" "^0.1.0"

"extend@^3.0.0":
  "integrity" "sha512-fjquC59cD7CyW6urNXK0FBufkZcoiGG80wTuPujX590cB5Ttln20E2UB4S/WARVqhXffZl2LNgS+gQdPIIim/g=="
  "resolved" "https://registry.npmjs.org/extend/-/extend-3.0.2.tgz"
  "version" "3.0.2"

"fast-deep-equal@^3.1.1":
  "integrity" "sha512-8UEa58QDLauDNfpbrX55Q9jrGHThw2ZMdOky5Gl1CDtVeJDPVrG4Jxx1N8jw2gkWaff5UUuX1KJd+9zGe2B+ZA=="
  "resolved" "https://registry.npmjs.org/fast-deep-equal/-/fast-deep-equal-3.1.1.tgz"
  "version" "3.1.1"

"fast-json-stable-stringify@^2.0.0":
  "integrity" "sha1-h0v2nG9ATCtdmcSBNBOZ/VWJJjM="
  "resolved" "https://registry.npmjs.org/fast-json-stable-stringify/-/fast-json-stable-stringify-2.1.0.tgz"
  "version" "2.1.0"

"gray-matter@^4.0.2":
  "integrity" "sha512-7hB/+LxrOjq/dd8APlK0r24uL/67w7SkYnfwhNFwg/VDIGWGmduTDYf3WNstLW2fbbmRwrDGCVSJ2isuf2+4Hw=="
  "resolved" "https://registry.npmjs.org/gray-matter/-/gray-matter-4.0.2.tgz"
  "version" "4.0.2"
  dependencies:
    "js-yaml" "^3.11.0"
    "kind-of" "^6.0.2"
    "section-matter" "^1.0.0"
    "strip-bom-string" "^1.0.0"

"html-to-react@^1.3.4":
  "integrity" "sha512-TdTfxd95sRCo6QL8admCkE7mvNNrXtGoVr1dyS+7uvc8XCqAymnf/6ckclvnVbQNUo2Nh21VPwtfEHd0khiV7g=="
  "resolved" "https://registry.npmjs.org/html-to-react/-/html-to-react-1.4.2.tgz"
  "version" "1.4.2"
  dependencies:
    "domhandler" "^3.0"
    "htmlparser2" "^4.0"
    "lodash.camelcase" "^4.3.0"
    "ramda" "^0.26"

"htmlparser2@^4.0":
  "integrity" "sha1-mk7xYfLkYl6/ffvmwKL1LRilnng="
  "resolved" "https://registry.npmjs.org/htmlparser2/-/htmlparser2-4.1.0.tgz"
  "version" "4.1.0"
  dependencies:
    "domelementtype" "^2.0.1"
    "domhandler" "^3.0.0"
    "domutils" "^2.0.0"
    "entities" "^2.0.0"

"is-alphabetical@^1.0.0":
  "integrity" "sha512-DwzsA04LQ10FHTZuL0/grVDk4rFoVH1pjAToYwBrHSxcrBIGQuXrQMtD5U1b0U2XVgKZCTLLP8u2Qxqhy3l2Vg=="
  "resolved" "https://registry.npmjs.org/is-alphabetical/-/is-alphabetical-1.0.4.tgz"
  "version" "1.0.4"

"is-alphanumerical@^1.0.0":
  "integrity" "sha512-UzoZUr+XfVz3t3v4KyGEniVL9BDRoQtY7tOyrRybkVNjDFWyo1yhXNGrrBTQxp3ib9BLAWs7k2YKBQsFRkZG9A=="
  "resolved" "https://registry.npmjs.org/is-alphanumerical/-/is-alphanumerical-1.0.4.tgz"
  "version" "1.0.4"
  dependencies:
    "is-alphabetical" "^1.0.0"
    "is-decimal" "^1.0.0"

"is-buffer@^2.0.0":
  "integrity" "sha512-i2R6zNFDwgEHJyQUtJEk0XFi1i0dPFn/oqjK3/vPCcDeJvW5NQ83V8QbicfF1SupOaB0h8ntgBC2YiE7dfyctQ=="
  "resolved" "https://registry.npmjs.org/is-buffer/-/is-buffer-2.0.5.tgz"
  "version" "2.0.5"

"is-decimal@^1.0.0":
  "integrity" "sha512-RGdriMmQQvZ2aqaQq3awNA6dCGtKpiDFcOzrTWrDAT2MiWrKQVPmxLGHl7Y2nNu6led0kEyoX0enY0qXYsv9zw=="
  "resolved" "https://registry.npmjs.org/is-decimal/-/is-decimal-1.0.4.tgz"
  "version" "1.0.4"

"is-extendable@^0.1.0":
  "integrity" "sha1-YrEQ4omkcUGOPsNqYX1HLjAd/Ik="
  "resolved" "https://registry.npmjs.org/is-extendable/-/is-extendable-0.1.1.tgz"
  "version" "0.1.1"

"is-hexadecimal@^1.0.0":
  "integrity" "sha512-gyPJuv83bHMpocVYoqof5VDiZveEoGoFL8m3BXNb2VW8Xs+rz9kqO8LOQ5DH6EsuvilT1ApazU0pyl+ytbPtlw=="
  "resolved" "https://registry.npmjs.org/is-hexadecimal/-/is-hexadecimal-1.0.4.tgz"
  "version" "1.0.4"

"is-plain-obj@^2.0.0":
  "integrity" "sha512-YWnfyRwxL/+SsrWYfOpUtz5b3YD+nyfkHvjbcanzk8zgyO4ASD67uVMRt8k5bM4lLMDnXfriRhOpemw+NfT1eA=="
  "resolved" "https://registry.npmjs.org/is-plain-obj/-/is-plain-obj-2.1.0.tgz"
  "version" "2.1.0"

"js-tokens@^3.0.0 || ^4.0.0":
  "integrity" "sha1-GSA/tZmR35jjoocFDUZHzerzJJk="
  "resolved" "https://registry.npmjs.org/js-tokens/-/js-tokens-4.0.0.tgz"
  "version" "4.0.0"

"js-yaml@^3.11.0":
  "integrity" "sha512-YfbcO7jXDdyj0DGxYVSlSeQNHbD7XPWvrVWeVUujrQEoZzWJIRrCPoyk6kL6IAjAG2IolMK4T0hNUe0HOUs5Jw=="
  "resolved" "https://registry.npmjs.org/js-yaml/-/js-yaml-3.13.1.tgz"
  "version" "3.13.1"
  dependencies:
    "argparse" "^1.0.7"
    "esprima" "^4.0.0"

"json-schema-traverse@^0.4.1":
  "integrity" "sha1-afaofZUTq4u4/mO9sJecRI5oRmA="
  "resolved" "https://registry.npmjs.org/json-schema-traverse/-/json-schema-traverse-0.4.1.tgz"
  "version" "0.4.1"

"json5@^2.1.2":
  "integrity" "sha512-KXPvOm8K9IJKFM0bmdn8QXh7udDh1g/giieX0NLCaMnb4hEiVFqnop2ImTXCc5e0/oHz3LTqmHGtExn5hfMkOA=="
  "resolved" "https://registry.npmjs.org/json5/-/json5-2.1.3.tgz"
  "version" "2.1.3"
  dependencies:
    "minimist" "^1.2.5"

"kind-of@^6.0.0", "kind-of@^6.0.2":
  "integrity" "sha1-B8BQNKbDSfoG4k+jWqdttFgM5N0="
  "resolved" "https://registry.npmjs.org/kind-of/-/kind-of-6.0.3.tgz"
  "version" "6.0.3"

"loader-utils@^2.0.0":
  "integrity" "sha512-rP4F0h2RaWSvPEkD7BLDFQnvSf+nK+wr3ESUjNTyAGobqrijmW92zc+SO6d4p4B1wh7+B/Jg1mkQe5NYUEHtHQ=="
  "resolved" "https://registry.npmjs.org/loader-utils/-/loader-utils-2.0.0.tgz"
  "version" "2.0.0"
  dependencies:
    "big.js" "^5.2.2"
    "emojis-list" "^3.0.0"
    "json5" "^2.1.2"

"lodash.camelcase@^4.3.0":
  "integrity" "sha1-soqmKIorn8ZRA1x3EfZathkDMaY="
  "resolved" "https://registry.npmjs.org/lodash.camelcase/-/lodash.camelcase-4.3.0.tgz"
  "version" "4.3.0"

"loose-envify@^1.1.0", "loose-envify@^1.4.0":
  "integrity" "sha1-ce5R+nvkyuwaY4OffmgtgTLTDK8="
  "resolved" "https://registry.npmjs.org/loose-envify/-/loose-envify-1.4.0.tgz"
  "version" "1.4.0"
  dependencies:
    "js-tokens" "^3.0.0 || ^4.0.0"

"mdast-add-list-metadata@1.0.1":
  "integrity" "sha1-lec2QM4vwfoty37EQ9CeK/59tM8="
  "resolved" "https://registry.npmjs.org/mdast-add-list-metadata/-/mdast-add-list-metadata-1.0.1.tgz"
  "version" "1.0.1"
  dependencies:
    "unist-util-visit-parents" "1.1.2"

"mdast-util-from-markdown@^0.8.0":
  "integrity" "sha512-2hkTXtYYnr+NubD/g6KGBS/0mFmBcifAsI0yIWRiRo0PjVs6SSOSOdtzbp6kSGnShDN6G5aWZpKQ2lWRy27mWQ=="
  "resolved" "https://registry.npmjs.org/mdast-util-from-markdown/-/mdast-util-from-markdown-0.8.5.tgz"
  "version" "0.8.5"
  dependencies:
    "@types/mdast" "^3.0.0"
    "mdast-util-to-string" "^2.0.0"
    "micromark" "~2.11.0"
    "parse-entities" "^2.0.0"
    "unist-util-stringify-position" "^2.0.0"

"mdast-util-to-string@^2.0.0":
  "integrity" "sha512-AW4DRS3QbBayY/jJmD8437V1Gombjf8RSOUCMFBuo5iHi58AGEgVCKQ+ezHkZZDpAQS75hcBMpLqjpJTjtUL7w=="
  "resolved" "https://registry.npmjs.org/mdast-util-to-string/-/mdast-util-to-string-2.0.0.tgz"
  "version" "2.0.0"

"micromark@~2.11.0":
  "integrity" "sha512-+WoovN/ppKolQOFIAajxi7Lu9kInbPxFuTBVEavFcL8eAfVstoc5MocPmqBeAdBOJV00uaVjegzH4+MA0DN/uA=="
  "resolved" "https://registry.npmjs.org/micromark/-/micromark-2.11.4.tgz"
  "version" "2.11.4"
  dependencies:
    "debug" "^4.0.0"
    "parse-entities" "^2.0.0"

"minimist@^1.2.5":
  "integrity" "sha512-Jsjnk4bw3YJqYzbdyBiNsPWHPfO++UGG749Cxs6peCu5Xg4nrena6OVxOYxrQTqww0Jmwt+Ref8rggumkTLz9Q=="
  "resolved" "https://registry.npmjs.org/minimist/-/minimist-1.2.6.tgz"
  "version" "1.2.6"

"ms@2.1.2":
  "integrity" "sha512-sGkPx+VjMtmA6MX27oA4FBFELFCZZ4S4XqeGOXCv68tT+jb3vk/RyaKWP0PTKyWtmLSM0b+adUTEvbs1PEaH2w=="
  "resolved" "https://registry.npmjs.org/ms/-/ms-2.1.2.tgz"
  "version" "2.1.2"

"nanoid@^3.1.30":
  "integrity" "sha512-MqBkQh/OHTS2egovRtLk45wEyNXwF+cokD+1YPf9u5VfJiRdAiRwB2froX5Co9Rh20xs4siNPm8naNotSD6RBw=="
  "resolved" "https://registry.npmjs.org/nanoid/-/nanoid-3.3.4.tgz"
  "version" "3.3.4"

"next@^12.1.6":
  "integrity" "sha512-cebwKxL3/DhNKfg9tPZDQmbRKjueqykHHbgaoG4VBRH3AHQJ2HO0dbKFiS1hPhe1/qgc2d/hFeadsbPicmLD+A=="
  "resolved" "https://registry.npmjs.org/next/-/next-12.1.6.tgz"
  "version" "12.1.6"
  dependencies:
    "@next/env" "12.1.6"
    "caniuse-lite" "^1.0.30001332"
    "postcss" "8.4.5"
    "styled-jsx" "5.0.2"
  optionalDependencies:
    "@next/swc-android-arm-eabi" "12.1.6"
    "@next/swc-android-arm64" "12.1.6"
    "@next/swc-darwin-arm64" "12.1.6"
    "@next/swc-darwin-x64" "12.1.6"
    "@next/swc-linux-arm-gnueabihf" "12.1.6"
    "@next/swc-linux-arm64-gnu" "12.1.6"
    "@next/swc-linux-arm64-musl" "12.1.6"
    "@next/swc-linux-x64-gnu" "12.1.6"
    "@next/swc-linux-x64-musl" "12.1.6"
    "@next/swc-win32-arm64-msvc" "12.1.6"
    "@next/swc-win32-ia32-msvc" "12.1.6"
    "@next/swc-win32-x64-msvc" "12.1.6"

"object-assign@^4.1.1":
  "integrity" "sha1-IQmtx5ZYh8/AXLvUQsrIv7s2CGM="
  "resolved" "https://registry.npmjs.org/object-assign/-/object-assign-4.1.1.tgz"
  "version" "4.1.1"

"parse-entities@^2.0.0":
  "integrity" "sha512-kkywGpCcRYhqQIchaWqZ875wzpS/bMKhz5HnN3p7wveJTkTtyAB/AlnS0f8DFSqYW1T82t6yEAkEcB+A1I3MbQ=="
  "resolved" "https://registry.npmjs.org/parse-entities/-/parse-entities-2.0.0.tgz"
  "version" "2.0.0"
  dependencies:
    "character-entities" "^1.0.0"
    "character-entities-legacy" "^1.0.0"
    "character-reference-invalid" "^1.0.0"
    "is-alphanumerical" "^1.0.0"
    "is-decimal" "^1.0.0"
    "is-hexadecimal" "^1.0.0"

"picocolors@^1.0.0":
  "integrity" "sha512-1fygroTLlHu66zi26VoTDv8yRgm0Fccecssto+MhsZ0D/DGW2sm8E8AjW7NU5VVTRt5GxbeZ5qBuJr+HyLYkjQ=="
  "resolved" "https://registry.npmjs.org/picocolors/-/picocolors-1.0.0.tgz"
  "version" "1.0.0"

"postcss@8.4.5":
  "integrity" "sha512-jBDboWM8qpaqwkMwItqTQTiFikhs/67OYVvblFFTM7MrZjt6yMKd6r2kgXizEbTTljacm4NldIlZnhbjr84QYg=="
  "resolved" "https://registry.npmjs.org/postcss/-/postcss-8.4.5.tgz"
  "version" "8.4.5"
  dependencies:
    "nanoid" "^3.1.30"
    "picocolors" "^1.0.0"
    "source-map-js" "^1.0.1"

"prop-types@^15.7.2":
  "integrity" "sha1-UsQedbjIfnK52TYOAga5ncv/psU="
  "resolved" "https://registry.npmjs.org/prop-types/-/prop-types-15.7.2.tgz"
  "version" "15.7.2"
  dependencies:
    "loose-envify" "^1.4.0"
    "object-assign" "^4.1.1"
    "react-is" "^16.8.1"

"punycode@^2.1.0":
  "integrity" "sha1-tYsBCsQMIsVldhbI0sLALHv0eew="
  "resolved" "https://registry.npmjs.org/punycode/-/punycode-2.1.1.tgz"
  "version" "2.1.1"

"ramda@^0.26":
  "integrity" "sha512-hLWjpy7EnsDBb0p+Z3B7rPi3GDeRG5ZtiI33kJhTt+ORCd38AbAIjB/9zRIUoeTbE/AVX5ZkU7m6bznsvrf8eQ=="
  "resolved" "https://registry.npmjs.org/ramda/-/ramda-0.26.1.tgz"
  "version" "0.26.1"

"raw-loader@^4.0.1":
  "integrity" "sha1-FOH3JqNZtoQ34YPVpbfTOj66aTM="
  "resolved" "https://registry.npmjs.org/raw-loader/-/raw-loader-4.0.1.tgz"
  "version" "4.0.1"
  dependencies:
    "loader-utils" "^2.0.0"
    "schema-utils" "^2.6.5"

"react-calendly@^1.3.1":
  "integrity" "sha512-e/RA4VK9jR36plWJzmLPjGjQYMFc4KuhzkjSPCTgp/mUx3uPRO/BxBOxVKXn9gvyaYr+cdzOqUe57VA19CGlyQ=="
  "resolved" "https://registry.npmjs.org/react-calendly/-/react-calendly-1.3.1.tgz"
  "version" "1.3.1"

"react-dom@^15.0.0 || ^16.0.0 || ^17.0.0", "react-dom@^17.0.2", "react-dom@^17.0.2 || ^18.0.0-0":
  "integrity" "sha512-s4h96KtLDUQlsENhMn1ar8t2bEa+q/YAtj8pPPdIjPDGBDIVNsrD9aXNWqspUe6AzKCIG0C1HZZLqLV7qpOBGA=="
  "resolved" "https://registry.npmjs.org/react-dom/-/react-dom-17.0.2.tgz"
  "version" "17.0.2"
  dependencies:
    "loose-envify" "^1.1.0"
    "object-assign" "^4.1.1"
    "scheduler" "^0.20.2"

"react-is@^16.8.1", "react-is@^16.8.6":
  "integrity" "sha1-eJcppNw23imZ3BVt1sHZwYzqVqQ="
  "resolved" "https://registry.npmjs.org/react-is/-/react-is-16.13.1.tgz"
  "version" "16.13.1"

"react-markdown@^5.0.3":
  "integrity" "sha512-jDWOc1AvWn0WahpjW6NK64mtx6cwjM4iSsLHJPNBqoAgGOVoIdJMqaKX4++plhOtdd4JksdqzlDibgPx6B/M2w=="
  "resolved" "https://registry.npmjs.org/react-markdown/-/react-markdown-5.0.3.tgz"
  "version" "5.0.3"
  dependencies:
    "@types/mdast" "^3.0.3"
    "@types/unist" "^2.0.3"
    "html-to-react" "^1.3.4"
    "mdast-add-list-metadata" "1.0.1"
    "prop-types" "^15.7.2"
    "react-is" "^16.8.6"
    "remark-parse" "^9.0.0"
    "unified" "^9.0.0"
    "unist-util-visit" "^2.0.0"
    "xtend" "^4.0.1"

"react@^15.0.0 || ^16.0.0 || ^17.0.0", "react@^17.0.2", "react@^17.0.2 || ^18.0.0-0", "react@>= 16.8.0 || 17.x.x || ^18.0.0-0", "react@>=16", "react@17.0.2":
  "integrity" "sha512-gnhPt75i/dq/z3/6q/0asP78D0u592D5L1pd7M8P+dck6Fu/jJeL6iVVK23fptSUZj8Vjf++7wXA8UNclGQcbA=="
  "resolved" "https://registry.npmjs.org/react/-/react-17.0.2.tgz"
  "version" "17.0.2"
  dependencies:
    "loose-envify" "^1.1.0"
    "object-assign" "^4.1.1"

"remark-parse@^9.0.0":
  "integrity" "sha512-geKatMwSzEXKHuzBNU1z676sGcDcFoChMK38TgdHJNAYfFtsfHDQG7MoJAjs6sgYMqyLduCYWDIWZIxiPeafEw=="
  "resolved" "https://registry.npmjs.org/remark-parse/-/remark-parse-9.0.0.tgz"
  "version" "9.0.0"
  dependencies:
    "mdast-util-from-markdown" "^0.8.0"

"scheduler@^0.20.2":
  "integrity" "sha512-2eWfGgAqqWFGqtdMmcL5zCMK1U8KlXv8SQFGglL3CEtd0aDVDWgeF/YoCmvln55m5zSk3J/20hTaSBeSObsQDQ=="
  "resolved" "https://registry.npmjs.org/scheduler/-/scheduler-0.20.2.tgz"
  "version" "0.20.2"
  dependencies:
    "loose-envify" "^1.1.0"
    "object-assign" "^4.1.1"

"schema-utils@^2.6.5":
  "integrity" "sha1-KZ/mvUozZdwj2Z/URsr/jx1sMww="
  "resolved" "https://registry.npmjs.org/schema-utils/-/schema-utils-2.6.6.tgz"
  "version" "2.6.6"
  dependencies:
    "ajv" "^6.12.0"
    "ajv-keywords" "^3.4.1"

"section-matter@^1.0.0":
  "integrity" "sha1-6QQZU1BngOwB1Z8pKhnHuFC4QWc="
  "resolved" "https://registry.npmjs.org/section-matter/-/section-matter-1.0.0.tgz"
  "version" "1.0.0"
  dependencies:
    "extend-shallow" "^2.0.1"
    "kind-of" "^6.0.0"

"source-map-js@^1.0.1":
  "integrity" "sha512-R0XvVJ9WusLiqTCEiGCmICCMplcCkIwwR11mOSD9CR5u+IXYdiseeEuXCVAjS54zqwkLcPNnmU4OeJ6tUrWhDw=="
  "resolved" "https://registry.npmjs.org/source-map-js/-/source-map-js-1.0.2.tgz"
  "version" "1.0.2"

"sprintf-js@~1.0.2":
  "integrity" "sha1-BOaSb2YolTVPPdAVIDYzuFcpfiw="
  "resolved" "https://registry.npmjs.org/sprintf-js/-/sprintf-js-1.0.3.tgz"
  "version" "1.0.3"

"strip-bom-string@^1.0.0":
  "integrity" "sha1-5SEekiQ2n7uB1jOi8ABE3IztrZI="
  "resolved" "https://registry.npmjs.org/strip-bom-string/-/strip-bom-string-1.0.0.tgz"
  "version" "1.0.0"

"styled-jsx@5.0.2":
  "integrity" "sha512-LqPQrbBh3egD57NBcHET4qcgshPks+yblyhPlH2GY8oaDgKs8SK4C3dBh3oSJjgzJ3G5t1SYEZGHkP+QEpX9EQ=="
  "resolved" "https://registry.npmjs.org/styled-jsx/-/styled-jsx-5.0.2.tgz"
  "version" "5.0.2"

"trough@^1.0.0":
  "integrity" "sha512-rvuRbTarPXmMb79SmzEp8aqXNKcK+y0XaB298IXueQ8I2PsrATcPBCSPyK/dDNa2iWOhKlfNnOjdAOTBU/nkFA=="
  "resolved" "https://registry.npmjs.org/trough/-/trough-1.0.5.tgz"
  "version" "1.0.5"

"unified@^9.0.0":
  "integrity" "sha512-juWjuI8Z4xFg8pJbnEZ41b5xjGUWGHqXALmBZ3FC3WX0PIx1CZBIIJ6mXbYMcf6Yw4Fi0rFUTA1cdz/BglbOhA=="
  "resolved" "https://registry.npmjs.org/unified/-/unified-9.2.1.tgz"
  "version" "9.2.1"
  dependencies:
    "bail" "^1.0.0"
    "extend" "^3.0.0"
    "is-buffer" "^2.0.0"
    "is-plain-obj" "^2.0.0"
    "trough" "^1.0.0"
    "vfile" "^4.0.0"

"unist-util-is@^4.0.0":
  "integrity" "sha512-ZOQSsnce92GrxSqlnEEseX0gi7GH9zTJZ0p9dtu87WRb/37mMPO2Ilx1s/t9vBHrFhbgweUwb+t7cIn5dxPhZg=="
  "resolved" "https://registry.npmjs.org/unist-util-is/-/unist-util-is-4.1.0.tgz"
  "version" "4.1.0"

"unist-util-stringify-position@^2.0.0":
  "integrity" "sha512-3faScn5I+hy9VleOq/qNbAd6pAx7iH5jYBMS9I1HgQVijz/4mv5Bvw5iw1sC/90CODiKo81G/ps8AJrISn687g=="
  "resolved" "https://registry.npmjs.org/unist-util-stringify-position/-/unist-util-stringify-position-2.0.3.tgz"
  "version" "2.0.3"
  dependencies:
    "@types/unist" "^2.0.2"

"unist-util-visit-parents@^3.0.0":
  "integrity" "sha512-1KROIZWo6bcMrZEwiH2UrXDyalAa0uqzWCxCJj6lPOvTve2WkfgCytoDTPaMnodXh1WrXOq0haVYHj99ynJlsg=="
  "resolved" "https://registry.npmjs.org/unist-util-visit-parents/-/unist-util-visit-parents-3.1.1.tgz"
  "version" "3.1.1"
  dependencies:
    "@types/unist" "^2.0.0"
    "unist-util-is" "^4.0.0"

"unist-util-visit-parents@1.1.2":
  "integrity" "sha1-9uOv7ovb+WHA5vAo6jwEgAKMPQY="
  "resolved" "https://registry.npmjs.org/unist-util-visit-parents/-/unist-util-visit-parents-1.1.2.tgz"
  "version" "1.1.2"

"unist-util-visit@^2.0.0":
  "integrity" "sha512-iJ4/RczbJMkD0712mGktuGpm/U4By4FfDonL7N/9tATGIF4imikjOuagyMY53tnZq3NP6BcmlrHhEKAfGWjh7Q=="
  "resolved" "https://registry.npmjs.org/unist-util-visit/-/unist-util-visit-2.0.3.tgz"
  "version" "2.0.3"
  dependencies:
    "@types/unist" "^2.0.0"
    "unist-util-is" "^4.0.0"
    "unist-util-visit-parents" "^3.0.0"

"uri-js@^4.2.2":
  "integrity" "sha1-lMVA4f93KVbiKZUHwBCupsiDjrA="
  "resolved" "https://registry.npmjs.org/uri-js/-/uri-js-4.2.2.tgz"
  "version" "4.2.2"
  dependencies:
    "punycode" "^2.1.0"

"vfile-message@^2.0.0":
  "integrity" "sha512-DjssxRGkMvifUOJre00juHoP9DPWuzjxKuMDrhNbk2TdaYYBNMStsNhEOt3idrtI12VQYM/1+iM0KOzXi4pxwQ=="
  "resolved" "https://registry.npmjs.org/vfile-message/-/vfile-message-2.0.4.tgz"
  "version" "2.0.4"
  dependencies:
    "@types/unist" "^2.0.0"
    "unist-util-stringify-position" "^2.0.0"

"vfile@^4.0.0":
  "integrity" "sha512-O6AE4OskCG5S1emQ/4gl8zK586RqA3srz3nfK/Viy0UPToBc5Trp9BVFb1u0CjsKrAWwnpr4ifM/KBXPWwJbCA=="
  "resolved" "https://registry.npmjs.org/vfile/-/vfile-4.2.1.tgz"
  "version" "4.2.1"
  dependencies:
    "@types/unist" "^2.0.0"
    "is-buffer" "^2.0.0"
    "unist-util-stringify-position" "^2.0.0"
    "vfile-message" "^2.0.0"

"xtend@^4.0.1":
  "integrity" "sha1-u3J3n1+kZRhrH0OPZ0+jR/2121Q="
  "resolved" "https://registry.npmjs.org/xtend/-/xtend-4.0.2.tgz"
  "version" "4.0.2"
